
Microsoft Visual Studio Solution File, Format Version 12.00
# Visual Studio 15
VisualStudioVersion = 15.0.28307.1209
MinimumVisualStudioVersion = 10.0.40219.1
Project("{888888A0-9F3D-457C-B088-3A5042F75D52}") = "Dice", "Dice\Dice.pyproj", "{0A31087A-74CC-4D62-B0F9-D89426FC16BA}"
EndProject
Global
	GlobalSection(SolutionConfigurationPlatforms) = preSolution
		Debug|Any CPU = Debug|Any CPU
		Release|Any CPU = Release|Any CPU
	EndGlobalSection
	GlobalSection(ProjectConfigurationPlatforms) = postSolution
		{0A31087A-74CC-4D62-B0F9-D89426FC16BA}.Debug|Any CPU.ActiveCfg = Debug|Any CPU
		{0A31087A-74CC-4D62-B0F9-D89426FC16BA}.Release|Any CPU.ActiveCfg = Release|Any CPU
	EndGlobalSection
	GlobalSection(SolutionProperties) = preSolution
		HideSolutionNode = FALSE
	EndGlobalSection
	GlobalSection(ExtensibilityGlobals) = postSolution
		SolutionGuid = {05227B8D-E799-44BC-A535-51784C16FA0A}
	EndGlobalSection
EndGlobal
